// !$*UTF8*$!
{
	archiveVersion = 1;
	classes = {
	};
	objectVersion = 50;
	objects = {

/* Begin PBXBuildFile section */
		14A58D2522AC4E8B002D7BBD /* AppDelegate.swift in Sources */ = {isa = PBXBuildFile; fileRef = 14A58D2422AC4E8B002D7BBD /* AppDelegate.swift */; };
		14A58D2722AC4E8B002D7BBD /* ViewController.swift in Sources */ = {isa = PBXBuildFile; fileRef = 14A58D2622AC4E8B002D7BBD /* ViewController.swift */; };
		14A58D2A22AC4E8B002D7BBD /* Main.storyboard in Resources */ = {isa = PBXBuildFile; fileRef = 14A58D2822AC4E8B002D7BBD /* Main.storyboard */; };
		14A58D2C22AC4E90002D7BBD /* Assets.xcassets in Resources */ = {isa = PBXBuildFile; fileRef = 14A58D2B22AC4E90002D7BBD /* Assets.xcassets */; };
		14A58D2F22AC4E90002D7BBD /* LaunchScreen.storyboard in Resources */ = {isa = PBXBuildFile; fileRef = 14A58D2D22AC4E90002D7BBD /* LaunchScreen.storyboard */; };
		14A58D3A22AC4E90002D7BBD /* show_user_location_on_map_snippetTests.swift in Sources */ = {isa = PBXBuildFile; fileRef = 14A58D3922AC4E90002D7BBD /* show_user_location_on_map_snippetTests.swift */; };
		14A58D4522AC4E90002D7BBD /* show_user_location_on_map_snippetUITests.swift in Sources */ = {isa = PBXBuildFile; fileRef = 14A58D4422AC4E90002D7BBD /* show_user_location_on_map_snippetUITests.swift */; };
/* End PBXBuildFile section */

/* Begin PBXContainerItemProxy section */
		14A58D3622AC4E90002D7BBD /* PBXContainerItemProxy */ = {
			isa = PBXContainerItemProxy;
			containerPortal = 14A58D1922AC4E8B002D7BBD /* Project object */;
			proxyType = 1;
			remoteGlobalIDString = 14A58D2022AC4E8B002D7BBD;
			remoteInfo = "show-user-location-on-map-snippet";
		};
		14A58D4122AC4E90002D7BBD /* PBXContainerItemProxy */ = {
			isa = PBXContainerItemProxy;
			containerPortal = 14A58D1922AC4E8B002D7BBD /* Project object */;
			proxyType = 1;
			remoteGlobalIDString = 14A58D2022AC4E8B002D7BBD;
			remoteInfo = "show-user-location-on-map-snippet";
		};
/* End PBXContainerItemProxy section */

/* Begin PBXFileReference section */
		14A58D2122AC4E8B002D7BBD /* show-user-location-on-map-snippet.app */ = {isa = PBXFileReference; explicitFileType = wrapper.application; includeInIndex = 0; path = "show-user-location-on-map-snippet.app"; sourceTree = BUILT_PRODUCTS_DIR; };
		14A58D2422AC4E8B002D7BBD /* AppDelegate.swift */ = {isa = PBXFileReference; lastKnownFileType = sourcecode.swift; path = AppDelegate.swift; sourceTree = "<group>"; };
		14A58D2622AC4E8B002D7BBD /* ViewController.swift */ = {isa = PBXFileReference; lastKnownFileType = sourcecode.swift; path = ViewController.swift; sourceTree = "<group>"; };
		14A58D2922AC4E8B002D7BBD /* Base */ = {isa = PBXFileReference; lastKnownFileType = file.storyboard; name = Base; path = Base.lproj/Main.storyboard; sourceTree = "<group>"; };
		14A58D2B22AC4E90002D7BBD /* Assets.xcassets */ = {isa = PBXFileReference; lastKnownFileType = folder.assetcatalog; path = Assets.xcassets; sourceTree = "<group>"; };
		14A58D2E22AC4E90002D7BBD /* Base */ = {isa = PBXFileReference; lastKnownFileType = file.storyboard; name = Base; path = Base.lproj/LaunchScreen.storyboard; sourceTree = "<group>"; };
		14A58D3022AC4E90002D7BBD /* Info.plist */ = {isa = PBXFileReference; lastKnownFileType = text.plist.xml; path = Info.plist; sourceTree = "<group>"; };
		14A58D3522AC4E90002D7BBD /* show-user-location-on-map-snippetTests.xctest */ = {isa = PBXFileReference; explicitFileType = wrapper.cfbundle; includeInIndex = 0; path = "show-user-location-on-map-snippetTests.xctest"; sourceTree = BUILT_PRODUCTS_DIR; };
		14A58D3922AC4E90002D7BBD /* show_user_location_on_map_snippetTests.swift */ = {isa = PBXFileReference; lastKnownFileType = sourcecode.swift; path = show_user_location_on_map_snippetTests.swift; sourceTree = "<group>"; };
		14A58D3B22AC4E90002D7BBD /* Info.plist */ = {isa = PBXFileReference; lastKnownFileType = text.plist.xml; path = Info.plist; sourceTree = "<group>"; };
		14A58D4022AC4E90002D7BBD /* show-user-location-on-map-snippetUITests.xctest */ = {isa = PBXFileReference; explicitFileType = wrapper.cfbundle; includeInIndex = 0; path = "show-user-location-on-map-snippetUITests.xctest"; sourceTree = BUILT_PRODUCTS_DIR; };
		14A58D4422AC4E90002D7BBD /* show_user_location_on_map_snippetUITests.swift */ = {isa = PBXFileReference; lastKnownFileType = sourcecode.swift; path = show_user_location_on_map_snippetUITests.swift; sourceTree = "<group>"; };
		14A58D4622AC4E90002D7BBD /* Info.plist */ = {isa = PBXFileReference; lastKnownFileType = text.plist.xml; path = Info.plist; sourceTree = "<group>"; };
/* End PBXFileReference section */

/* Begin PBXFrameworksBuildPhase section */
		14A58D1E22AC4E8B002D7BBD /* Frameworks */ = {
			isa = PBXFrameworksBuildPhase;
			buildActionMask = 2147483647;
			files = (
			);
			runOnlyForDeploymentPostprocessing = 0;
		};
		14A58D3222AC4E90002D7BBD /* Frameworks */ = {
			isa = PBXFrameworksBuildPhase;
			buildActionMask = 2147483647;
			files = (
			);
			runOnlyForDeploymentPostprocessing = 0;
		};
		14A58D3D22AC4E90002D7BBD /* Frameworks */ = {
			isa = PBXFrameworksBuildPhase;
			buildActionMask = 2147483647;
			files = (
			);
			runOnlyForDeploymentPostprocessing = 0;
		};
/* End PBXFrameworksBuildPhase section */

/* Begin PBXGroup section */
		14A58D1822AC4E8B002D7BBD = {
			isa = PBXGroup;
			children = (
				14A58D2322AC4E8B002D7BBD /* show-user-location-on-map-snippet */,
				14A58D3822AC4E90002D7BBD /* show-user-location-on-map-snippetTests */,
				14A58D4322AC4E90002D7BBD /* show-user-location-on-map-snippetUITests */,
				14A58D2222AC4E8B002D7BBD /* Products */,
			);
			sourceTree = "<group>";
		};
		14A58D2222AC4E8B002D7BBD /* Products */ = {
			isa = PBXGroup;
			children = (
				14A58D2122AC4E8B002D7BBD /* show-user-location-on-map-snippet.app */,
				14A58D3522AC4E90002D7BBD /* show-user-location-on-map-snippetTests.xctest */,
				14A58D4022AC4E90002D7BBD /* show-user-location-on-map-snippetUITests.xctest */,
			);
			name = Products;
			sourceTree = "<group>";
		};
		14A58D2322AC4E8B002D7BBD /* show-user-location-on-map-snippet */ = {
			isa = PBXGroup;
			children = (
				14A58D2422AC4E8B002D7BBD /* AppDelegate.swift */,
				14A58D2622AC4E8B002D7BBD /* ViewController.swift */,
				14A58D2822AC4E8B002D7BBD /* Main.storyboard */,
				14A58D2B22AC4E90002D7BBD /* Assets.xcassets */,
				14A58D2D22AC4E90002D7BBD /* LaunchScreen.storyboard */,
				14A58D3022AC4E90002D7BBD /* Info.plist */,
			);
			path = "show-user-location-on-map-snippet";
			sourceTree = "<group>";
		};
		14A58D3822AC4E90002D7BBD /* show-user-location-on-map-snippetTests */ = {
			isa = PBXGroup;
			children = (
				14A58D3922AC4E90002D7BBD /* show_user_location_on_map_snippetTests.swift */,
				14A58D3B22AC4E90002D7BBD /* Info.plist */,
			);
			path = "show-user-location-on-map-snippetTests";
			sourceTree = "<group>";
		};
		14A58D4322AC4E90002D7BBD /* show-user-location-on-map-snippetUITests */ = {
			isa = PBXGroup;
			children = (
				14A58D4422AC4E90002D7BBD /* show_user_location_on_map_snippetUITests.swift */,
				14A58D4622AC4E90002D7BBD /* Info.plist */,
			);
			path = "show-user-location-on-map-snippetUITests";
			sourceTree = "<group>";
		};
/* End PBXGroup section */

/* Begin PBXNativeTarget section */
		14A58D2022AC4E8B002D7BBD /* show-user-location-on-map-snippet */ = {
			isa = PBXNativeTarget;
			buildConfigurationList = 14A58D4922AC4E90002D7BBD /* Build configuration list for PBXNativeTarget "show-user-location-on-map-snippet" */;
			buildPhases = (
				14A58D1D22AC4E8B002D7BBD /* Sources */,
				14A58D1E22AC4E8B002D7BBD /* Frameworks */,
				14A58D1F22AC4E8B002D7BBD /* Resources */,
			);
			buildRules = (
			);
			dependencies = (
			);
			name = "show-user-location-on-map-snippet";
			productName = "show-user-location-on-map-snippet";
			productReference = 14A58D2122AC4E8B002D7BBD /* show-user-location-on-map-snippet.app */;
			productType = "com.apple.product-type.application";
		};
		14A58D3422AC4E90002D7BBD /* show-user-location-on-map-snippetTests */ = {
			isa = PBXNativeTarget;
			buildConfigurationList = 14A58D4C22AC4E90002D7BBD /* Build configuration list for PBXNativeTarget "show-user-location-on-map-snippetTests" */;
			buildPhases = (
				14A58D3122AC4E90002D7BBD /* Sources */,
				14A58D3222AC4E90002D7BBD /* Frameworks */,
				14A58D3322AC4E90002D7BBD /* Resources */,
			);
			buildRules = (
			);
			dependencies = (
				14A58D3722AC4E90002D7BBD /* PBXTargetDependency */,
			);
			name = "show-user-location-on-map-snippetTests";
			productName = "show-user-location-on-map-snippetTests";
			productReference = 14A58D3522AC4E90002D7BBD /* show-user-location-on-map-snippetTests.xctest */;
			productType = "com.apple.product-type.bundle.unit-test";
		};
		14A58D3F22AC4E90002D7BBD /* show-user-location-on-map-snippetUITests */ = {
			isa = PBXNativeTarget;
			buildConfigurationList = 14A58D4F22AC4E90002D7BBD /* Build configuration list for PBXNativeTarget "show-user-location-on-map-snippetUITests" */;
			buildPhases = (
				14A58D3C22AC4E90002D7BBD /* Sources */,
				14A58D3D22AC4E90002D7BBD /* Frameworks */,
				14A58D3E22AC4E90002D7BBD /* Resources */,
			);
			buildRules = (
			);
			dependencies = (
				14A58D4222AC4E90002D7BBD /* PBXTargetDependency */,
			);
			name = "show-user-location-on-map-snippetUITests";
			productName = "show-user-location-on-map-snippetUITests";
			productReference = 14A58D4022AC4E90002D7BBD /* show-user-location-on-map-snippetUITests.xctest */;
			productType = "com.apple.product-type.bundle.ui-testing";
		};
/* End PBXNativeTarget section */

/* Begin PBXProject section */
		14A58D1922AC4E8B002D7BBD /* Project object */ = {
			isa = PBXProject;
			attributes = {
				LastSwiftUpdateCheck = 1020;
				LastUpgradeCheck = 1020;
				ORGANIZATIONNAME = "Declan Conway";
				TargetAttributes = {
					14A58D2022AC4E8B002D7BBD = {
						CreatedOnToolsVersion = 10.2.1;
					};
					14A58D3422AC4E90002D7BBD = {
						CreatedOnToolsVersion = 10.2.1;
						TestTargetID = 14A58D2022AC4E8B002D7BBD;
					};
					14A58D3F22AC4E90002D7BBD = {
						CreatedOnToolsVersion = 10.2.1;
						TestTargetID = 14A58D2022AC4E8B002D7BBD;
					};
				};
			};
			buildConfigurationList = 14A58D1C22AC4E8B002D7BBD /* Build configuration list for PBXProject "show-user-location-on-map-snippet" */;
			compatibilityVersion = "Xcode 9.3";
			developmentRegion = en;
			hasScannedForEncodings = 0;
			knownRegions = (
				en,
				Base,
			);
			mainGroup = 14A58D1822AC4E8B002D7BBD;
			productRefGroup = 14A58D2222AC4E8B002D7BBD /* Products */;
			projectDirPath = "";
			projectRoot = "";
			targets = (
				14A58D2022AC4E8B002D7BBD /* show-user-location-on-map-snippet */,
				14A58D3422AC4E90002D7BBD /* show-user-location-on-map-snippetTests */,
				14A58D3F22AC4E90002D7BBD /* show-user-location-on-map-snippetUITests */,
			);
		};
/* End PBXProject section */

/* Begin PBXResourcesBuildPhase section */
		14A58D1F22AC4E8B002D7BBD /* Resources */ = {
			isa = PBXResourcesBuildPhase;
			buildActionMask = 2147483647;
			files = (
				14A58D2F22AC4E90002D7BBD /* LaunchScreen.storyboard in Resources */,
				14A58D2C22AC4E90002D7BBD /* Assets.xcassets in Resources */,
				14A58D2A22AC4E8B002D7BBD /* Main.storyboard in Resources */,
			);
			runOnlyForDeploymentPostprocessing = 0;
		};
		14A58D3322AC4E90002D7BBD /* Resources */ = {
			isa = PBXResourcesBuildPhase;
			buildActionMask = 2147483647;
			files = (
			);
			runOnlyForDeploymentPostprocessing = 0;
		};
		14A58D3E22AC4E90002D7BBD /* Resources */ = {
			isa = PBXResourcesBuildPhase;
			buildActionMask = 2147483647;
			files = (
			);
			runOnlyForDeploymentPostprocessing = 0;
		};
/* End PBXResourcesBuildPhase section */

/* Begin PBXSourcesBuildPhase section */
		14A58D1D22AC4E8B002D7BBD /* Sources */ = {
			isa = PBXSourcesBuildPhase;
			buildActionMask = 2147483647;
			files = (
				14A58D2722AC4E8B002D7BBD /* ViewController.swift in Sources */,
				14A58D2522AC4E8B002D7BBD /* AppDelegate.swift in Sources */,
			);
			runOnlyForDeploymentPostprocessing = 0;
		};
		14A58D3122AC4E90002D7BBD /* Sources */ = {
			isa = PBXSourcesBuildPhase;
			buildActionMask = 2147483647;
			files = (
				14A58D3A22AC4E90002D7BBD /* show_user_location_on_map_snippetTests.swift in Sources */,
			);
			runOnlyForDeploymentPostprocessing = 0;
		};
		14A58D3C22AC4E90002D7BBD /* Sources */ = {
			isa = PBXSourcesBuildPhase;
			buildActionMask = 2147483647;
			files = (
				14A58D4522AC4E90002D7BBD /* show_user_location_on_map_snippetUITests.swift in Sources */,
			);
			runOnlyForDeploymentPostprocessing = 0;
		};
/* End PBXSourcesBuildPhase section */

/* Begin PBXTargetDependency section */
		14A58D3722AC4E90002D7BBD /* PBXTargetDependency */ = {
			isa = PBXTargetDependency;
			target = 14A58D2022AC4E8B002D7BBD /* show-user-location-on-map-snippet */;
			targetProxy = 14A58D3622AC4E90002D7BBD /* PBXContainerItemProxy */;
		};
		14A58D4222AC4E90002D7BBD /* PBXTargetDependency */ = {
			isa = PBXTargetDependency;
			target = 14A58D2022AC4E8B002D7BBD /* show-user-location-on-map-snippet */;
			targetProxy = 14A58D4122AC4E90002D7BBD /* PBXContainerItemProxy */;
		};
/* End PBXTargetDependency section */

/* Begin PBXVariantGroup section */
		14A58D2822AC4E8B002D7BBD /* Main.storyboard */ = {
			isa = PBXVariantGroup;
			children = (
				14A58D2922AC4E8B002D7BBD /* Base */,
			);
			name = Main.storyboard;
			sourceTree = "<group>";
		};
		14A58D2D22AC4E90002D7BBD /* LaunchScreen.storyboard */ = {
			isa = PBXVariantGroup;
			children = (
				14A58D2E22AC4E90002D7BBD /* Base */,
			);
			name = LaunchScreen.storyboard;
			sourceTree = "<group>";
		};
/* End PBXVariantGroup section */

/* Begin XCBuildConfiguration section */
		14A58D4722AC4E90002D7BBD /* Debug */ = {
			isa = XCBuildConfiguration;
			buildSettings = {
				ALWAYS_SEARCH_USER_PATHS = NO;
				CLANG_ANALYZER_NONNULL = YES;
				CLANG_ANALYZER_NUMBER_OBJECT_CONVERSION = YES_AGGRESSIVE;
				CLANG_CXX_LANGUAGE_STANDARD = "gnu++14";
				CLANG_CXX_LIBRARY = "libc++";
				CLANG_ENABLE_MODULES = YES;
				CLANG_ENABLE_OBJC_ARC = YES;
				CLANG_ENABLE_OBJC_WEAK = YES;
				CLANG_WARN_BLOCK_CAPTURE_AUTORELEASING = YES;
				CLANG_WARN_BOOL_CONVERSION = YES;
				CLANG_WARN_COMMA = YES;
				CLANG_WARN_CONSTANT_CONVERSION = YES;
				CLANG_WARN_DEPRECATED_OBJC_IMPLEMENTATIONS = YES;
				CLANG_WARN_DIRECT_OBJC_ISA_USAGE = YES_ERROR;
				CLANG_WARN_DOCUMENTATION_COMMENTS = YES;
				CLANG_WARN_EMPTY_BODY = YES;
				CLANG_WARN_ENUM_CONVERSION = YES;
				CLANG_WARN_INFINITE_RECURSION = YES;
				CLANG_WARN_INT_CONVERSION = YES;
				CLANG_WARN_NON_LITERAL_NULL_CONVERSION = YES;
				CLANG_WARN_OBJC_IMPLICIT_RETAIN_SELF = YES;
				CLANG_WARN_OBJC_LITERAL_CONVERSION = YES;
				CLANG_WARN_OBJC_ROOT_CLASS = YES_ERROR;
				CLANG_WARN_RANGE_LOOP_ANALYSIS = YES;
				CLANG_WARN_STRICT_PROTOTYPES = YES;
				CLANG_WARN_SUSPICIOUS_MOVE = YES;
				CLANG_WARN_UNGUARDED_AVAILABILITY = YES_AGGRESSIVE;
				CLANG_WARN_UNREACHABLE_CODE = YES;
				CLANG_WARN__DUPLICATE_METHOD_MATCH = YES;
				CODE_SIGN_IDENTITY = "iPhone Developer";
				COPY_PHASE_STRIP = NO;
				DEBUG_INFORMATION_FORMAT = dwarf;
				ENABLE_STRICT_OBJC_MSGSEND = YES;
				ENABLE_TESTABILITY = YES;
				GCC_C_LANGUAGE_STANDARD = gnu11;
				GCC_DYNAMIC_NO_PIC = NO;
				GCC_NO_COMMON_BLOCKS = YES;
				GCC_OPTIMIZATION_LEVEL = 0;
				GCC_PREPROCESSOR_DEFINITIONS = (
					"DEBUG=1",
					"$(inherited)",
				);
				GCC_WARN_64_TO_32_BIT_CONVERSION = YES;
				GCC_WARN_ABOUT_RETURN_TYPE = YES_ERROR;
				GCC_WARN_UNDECLARED_SELECTOR = YES;
				GCC_WARN_UNINITIALIZED_AUTOS = YES_AGGRESSIVE;
				GCC_WARN_UNUSED_FUNCTION = YES;
				GCC_WARN_UNUSED_VARIABLE = YES;
				IPHONEOS_DEPLOYMENT_TARGET = 12.0;
				MTL_ENABLE_DEBUG_INFO = INCLUDE_SOURCE;
				MTL_FAST_MATH = YES;
				ONLY_ACTIVE_ARCH = YES;
				SDKROOT = iphoneos;
				SWIFT_ACTIVE_COMPILATION_CONDITIONS = DEBUG;
				SWIFT_OPTIMIZATION_LEVEL = "-Onone";
			};
			name = Debug;
		};
		14A58D4822AC4E90002D7BBD /* Release */ = {
			isa = XCBuildConfiguration;
			buildSettings = {
				ALWAYS_SEARCH_USER_PATHS = NO;
				CLANG_ANALYZER_NONNULL = YES;
				CLANG_ANALYZER_NUMBER_OBJECT_CONVERSION = YES_AGGRESSIVE;
				CLANG_CXX_LANGUAGE_STANDARD = "gnu++14";
				CLANG_CXX_LIBRARY = "libc++";
				CLANG_ENABLE_MODULES = YES;
				CLANG_ENABLE_OBJC_ARC = YES;
				CLANG_ENABLE_OBJC_WEAK = YES;
				CLANG_WARN_BLOCK_CAPTURE_AUTORELEASING = YES;
				CLANG_WARN_BOOL_CONVERSION = YES;
				CLANG_WARN_COMMA = YES;
				CLANG_WARN_CONSTANT_CONVERSION = YES;
				CLANG_WARN_DEPRECATED_OBJC_IMPLEMENTATIONS = YES;
				CLANG_WARN_DIRECT_OBJC_ISA_USAGE = YES_ERROR;
				CLANG_WARN_DOCUMENTATION_COMMENTS = YES;
				CLANG_WARN_EMPTY_BODY = YES;
				CLANG_WARN_ENUM_CONVERSION = YES;
				CLANG_WARN_INFINITE_RECURSION = YES;
				CLANG_WARN_INT_CONVERSION = YES;
				CLANG_WARN_NON_LITERAL_NULL_CONVERSION = YES;
				CLANG_WARN_OBJC_IMPLICIT_RETAIN_SELF = YES;
				CLANG_WARN_OBJC_LITERAL_CONVERSION = YES;
				CLANG_WARN_OBJC_ROOT_CLASS = YES_ERROR;
				CLANG_WARN_RANGE_LOOP_ANALYSIS = YES;
				CLANG_WARN_STRICT_PROTOTYPES = YES;
				CLANG_WARN_SUSPICIOUS_MOVE = YES;
				CLANG_WARN_UNGUARDED_AVAILABILITY = YES_AGGRESSIVE;
				CLANG_WARN_UNREACHABLE_CODE = YES;
				CLANG_WARN__DUPLICATE_METHOD_MATCH = YES;
				CODE_SIGN_IDENTITY = "iPhone Developer";
				COPY_PHASE_STRIP = NO;
				DEBUG_INFORMATION_FORMAT = "dwarf-with-dsym";
				ENABLE_NS_ASSERTIONS = NO;
				ENABLE_STRICT_OBJC_MSGSEND = YES;
				GCC_C_LANGUAGE_STANDARD = gnu11;
				GCC_NO_COMMON_BLOCKS = YES;
				GCC_WARN_64_TO_32_BIT_CONVERSION = YES;
				GCC_WARN_ABOUT_RETURN_TYPE = YES_ERROR;
				GCC_WARN_UNDECLARED_SELECTOR = YES;
				GCC_WARN_UNINITIALIZED_AUTOS = YES_AGGRESSIVE;
				GCC_WARN_UNUSED_FUNCTION = YES;
				GCC_WARN_UNUSED_VARIABLE = YES;
				IPHONEOS_DEPLOYMENT_TARGET = 12.0;
				MTL_ENABLE_DEBUG_INFO = NO;
				MTL_FAST_MATH = YES;
				SDKROOT = iphoneos;
				SWIFT_COMPILATION_MODE = wholemodule;
				SWIFT_OPTIMIZATION_LEVEL = "-O";
				VALIDATE_PRODUCT = YES;
			};
			name = Release;
		};
		14A58D4A22AC4E90002D7BBD /* Debug */ = {
			isa = XCBuildConfiguration;
			buildSettings = {
				ASSETCATALOG_COMPILER_APPICON_NAME = AppIcon;
				CODE_SIGN_STYLE = Automatic;
				DEVELOPMENT_TEAM = FTZBC7284P;
				INFOPLIST_FILE = "show-user-location-on-map-snippet/Info.plist";
				LD_RUNPATH_SEARCH_PATHS = (
					"$(inherited)",
					"@executable_path/Frameworks",
				);
				PRODUCT_BUNDLE_IDENTIFIER = "ie.declanconway.show-user-location-on-map-snippet";
				PRODUCT_NAME = "$(TARGET_NAME)";
				SWIFT_VERSION = 5.0;
				TARGETED_DEVICE_FAMILY = "1,2";
			};
			name = Debug;
		};
		14A58D4B22AC4E90002D7BBD /* Release */ = {
			isa = XCBuildConfiguration;
			buildSettings = {
				ASSETCATALOG_COMPILER_APPICON_NAME = AppIcon;
				CODE_SIGN_STYLE = Automatic;
				DEVELOPMENT_TEAM = FTZBC7284P;
				INFOPLIST_FILE = "show-user-location-on-map-snippet/Info.plist";
				LD_RUNPATH_SEARCH_PATHS = (
					"$(inherited)",
					"@executable_path/Frameworks",
				);
				PRODUCT_BUNDLE_IDENTIFIER = "ie.declanconway.show-user-location-on-map-snippet";
				PRODUCT_NAME = "$(TARGET_NAME)";
				SWIFT_VERSION = 5.0;
				TARGETED_DEVICE_FAMILY = "1,2";
			};
			name = Release;
		};
		14A58D4D22AC4E90002D7BBD /* Debug */ = {
			isa = XCBuildConfiguration;
			buildSettings = {
				ALWAYS_EMBED_SWIFT_STANDARD_LIBRARIES = YES;
				BUNDLE_LOADER = "$(TEST_HOST)";
				CODE_SIGN_STYLE = Automatic;
				DEVELOPMENT_TEAM = FTZBC7284P;
				INFOPLIST_FILE = "show-user-location-on-map-snippetTests/Info.plist";
				LD_RUNPATH_SEARCH_PATHS = (
					"$(inherited)",
					"@executable_path/Frameworks",
					"@loader_path/Frameworks",
				);
				PRODUCT_BUNDLE_IDENTIFIER = "ie.declanconway.show-user-location-on-map-snippetTests";
				PRODUCT_NAME = "$(TARGET_NAME)";
				SWIFT_VERSION = 5.0;
				TARGETED_DEVICE_FAMILY = "1,2";
				TEST_HOST = "$(BUILT_PRODUCTS_DIR)/show-user-location-on-map-snippet.app/show-user-location-on-map-snippet";
			};
			name = Debug;
		};
		14A58D4E22AC4E90002D7BBD /* Release */ = {
			isa = XCBuildConfiguration;
			buildSettings = {
				ALWAYS_EMBED_SWIFT_STANDARD_LIBRARIES = YES;
				BUNDLE_LOADER = "$(TEST_HOST)";
				CODE_SIGN_STYLE = Automatic;
				DEVELOPMENT_TEAM = FTZBC7284P;
				INFOPLIST_FILE = "show-user-location-on-map-snippetTests/Info.plist";
				LD_RUNPATH_SEARCH_PATHS = (
					"$(inherited)",
					"@executable_path/Frameworks",
					"@loader_path/Frameworks",
				);
				PRODUCT_BUNDLE_IDENTIFIER = "ie.declanconway.show-user-location-on-map-snippetTests";
				PRODUCT_NAME = "$(TARGET_NAME)";
				SWIFT_VERSION = 5.0;
				TARGETED_DEVICE_FAMILY = "1,2";
				TEST_HOST = "$(BUILT_PRODUCTS_DIR)/show-user-location-on-map-snippet.app/show-user-location-on-map-snippet";
			};
			name = Release;
		};
		14A58D5022AC4E90002D7BBD /* Debug */ = {
			isa = XCBuildConfiguration;
			buildSettings = {
				ALWAYS_EMBED_SWIFT_STANDARD_LIBRARIES = YES;
				CODE_SIGN_STYLE = Automatic;
				DEVELOPMENT_TEAM = FTZBC7284P;
				INFOPLIST_FILE = "show-user-location-on-map-snippetUITests/Info.plist";
				LD_RUNPATH_SEARCH_PATHS = (
					"$(inherited)",
					"@executable_path/Frameworks",
					"@loader_path/Frameworks",
				);
				PRODUCT_BUNDLE_IDENTIFIER = "ie.declanconway.show-user-location-on-map-snippetUITests";
				PRODUCT_NAME = "$(TARGET_NAME)";
				SWIFT_VERSION = 5.0;
				TARGETED_DEVICE_FAMILY = "1,2";
				TEST_TARGET_NAME = "show-user-location-on-map-snippet";
			};
			name = Debug;
		};
		14A58D5122AC4E90002D7BBD /* Release */ = {
			isa = XCBuildConfiguration;
			buildSettings = {
				ALWAYS_EMBED_SWIFT_STANDARD_LIBRARIES = YES;
				CODE_SIGN_STYLE = Automatic;
				DEVELOPMENT_TEAM = FTZBC7284P;
				INFOPLIST_FILE = "show-user-location-on-map-snippetUITests/Info.plist";
				LD_RUNPATH_SEARCH_PATHS = (
					"$(inherited)",
					"@executable_path/Frameworks",
					"@loader_path/Frameworks",
				);
				PRODUCT_BUNDLE_IDENTIFIER = "ie.declanconway.show-user-location-on-map-snippetUITests";
				PRODUCT_NAME = "$(TARGET_NAME)";
				SWIFT_VERSION = 5.0;
				TARGETED_DEVICE_FAMILY = "1,2";
				TEST_TARGET_NAME = "show-user-location-on-map-snippet";
			};
			name = Release;
		};
/* End XCBuildConfiguration section */

/* Begin XCConfigurationList section */
		14A58D1C22AC4E8B002D7BBD /* Build configuration list for PBXProject "show-user-location-on-map-snippet" */ = {
			isa = XCConfigurationList;
			buildConfigurations = (
				14A58D4722AC4E90002D7BBD /* Debug */,
				14A58D4822AC4E90002D7BBD /* Release */,
			);
			defaultConfigurationIsVisible = 0;
			defaultConfigurationName = Release;
		};
		14A58D4922AC4E90002D7BBD /* Build configuration list for PBXNativeTarget "show-user-location-on-map-snippet" */ = {
			isa = XCConfigurationList;
			buildConfigurations = (
				14A58D4A22AC4E90002D7BBD /* Debug */,
				14A58D4B22AC4E90002D7BBD /* Release */,
			);
			defaultConfigurationIsVisible = 0;
			defaultConfigurationName = Release;
		};
		14A58D4C22AC4E90002D7BBD /* Build configuration list for PBXNativeTarget "show-user-location-on-map-snippetTests" */ = {
			isa = XCConfigurationList;
			buildConfigurations = (
				14A58D4D22AC4E90002D7BBD /* Debug */,
				14A58D4E22AC4E90002D7BBD /* Release */,
			);
			defaultConfigurationIsVisible = 0;
			defaultConfigurationName = Release;
		};
		14A58D4F22AC4E90002D7BBD /* Build configuration list for PBXNativeTarget "show-user-location-on-map-snippetUITests" */ = {
			isa = XCConfigurationList;
			buildConfigurations = (
				14A58D5022AC4E90002D7BBD /* Debug */,
				14A58D5122AC4E90002D7BBD /* Release */,
			);
			defaultConfigurationIsVisible = 0;
			defaultConfigurationName = Release;
		};
/* End XCConfigurationList section */
	};
	rootObject = 14A58D1922AC4E8B002D7BBD /* Project object */;
}
